<?xml version="1.0" encoding="utf-8"?>
<Project ToolsVersion="4.0" xmlns="http://schemas.microsoft.com/developer/msbuild/2003">
  <ItemGroup>
    <Filter Include="소스 파일">
      <UniqueIdentifier>{4FC737F1-C7A5-4376-A066-2A32D752A2FF}</UniqueIdentifier>
      <Extensions>cpp;c;cc;cxx;c++;cppm;ixx;def;odl;idl;hpj;bat;asm;asmx</Extensions>
    </Filter>
    <Filter Include="헤더 파일">
      <UniqueIdentifier>{93995380-89BD-4b04-88EB-625FBE52EBFB}</UniqueIdentifier>
      <Extensions>h;hh;hpp;hxx;h++;hm;inl;inc;ipp;xsd</Extensions>
    </Filter>
    <Filter Include="리소스 파일">
      <UniqueIdentifier>{67DA6AB6-F800-4c08-8B7A-83BB121AAD01}</UniqueIdentifier>
      <Extensions>rc;ico;cur;bmp;dlg;rc2;rct;bin;rgs;gif;jpg;jpeg;jpe;resx;tiff;tif;png;wav;mfcribbon-ms</Extensions>
    </Filter>
    <Filter Include="01. Player">
      <UniqueIdentifier>{2cbd72ef-029e-4db4-a60f-37bac5dbf3a4}</UniqueIdentifier>
    </Filter>
    <Filter Include="02. World">
      <UniqueIdentifier>{d16df0c0-509c-4df8-8c1a-2ea1567ca95d}</UniqueIdentifier>
    </Filter>
    <Filter Include="03. Monster">
      <UniqueIdentifier>{b20109aa-1ea7-4746-ab38-6b143566bc78}</UniqueIdentifier>
    </Filter>
    <Filter Include="04. Component">
      <UniqueIdentifier>{653ce010-efc1-4dcf-b040-5d5769d850d6}</UniqueIdentifier>
    </Filter>
    <Filter Include="04. Component\01. State">
      <UniqueIdentifier>{5170b423-560e-4cca-97a2-22ef19f14a6b}</UniqueIdentifier>
    </Filter>
    <Filter Include="05. Interface">
      <UniqueIdentifier>{165b9001-342c-4720-87b5-c7497c431442}</UniqueIdentifier>
    </Filter>
    <Filter Include="06. Setting">
      <UniqueIdentifier>{031f271d-7fbc-418d-980e-12209691b400}</UniqueIdentifier>
    </Filter>
    <Filter Include="03. Monster\01. Goblin">
      <UniqueIdentifier>{e96673f7-76ae-456e-83d4-f12516e9580d}</UniqueIdentifier>
    </Filter>
    <Filter Include="03. Monster\02. Ogre">
      <UniqueIdentifier>{007a84c5-f428-4349-bfb7-90cd617e08f5}</UniqueIdentifier>
    </Filter>
    <Filter Include="03. Monster\03. Orc">
      <UniqueIdentifier>{7055cce8-4fe6-4b58-bd76-6f552952f451}</UniqueIdentifier>
    </Filter>
  </ItemGroup>
  <ItemGroup>
    <ClCompile Include="main.cpp">
      <Filter>소스 파일</Filter>
    </ClCompile>
    <ClCompile Include="Player\Player.cpp">
      <Filter>01. Player</Filter>
    </ClCompile>
    <ClCompile Include="World\MainWorld.cpp">
      <Filter>02. World</Filter>
    </ClCompile>
    <ClCompile Include="Player\Bullet.cpp">
      <Filter>01. Player</Filter>
    </ClCompile>
    <ClCompile Include="Monster\Monster.cpp">
      <Filter>03. Monster</Filter>
    </ClCompile>
    <ClCompile Include="Component\StateComponent.cpp">
      <Filter>04. Component\01. State</Filter>
    </ClCompile>
    <ClCompile Include="Interface\StateInterface.cpp">
      <Filter>05. Interface</Filter>
    </ClCompile>
    <ClCompile Include="Monster\MonsterSpawnPoint.cpp">
      <Filter>03. Monster</Filter>
    </ClCompile>
    <ClCompile Include="Player\BulletEffect.cpp">
      <Filter>01. Player</Filter>
    </ClCompile>
    <ClCompile Include="GlobalSetting.cpp">
      <Filter>06. Setting</Filter>
    </ClCompile>
    <ClCompile Include="Monster\Goblin.cpp">
      <Filter>03. Monster\01. Goblin</Filter>
    </ClCompile>
    <ClCompile Include="Monster\Ogre.cpp">
      <Filter>03. Monster\02. Ogre</Filter>
    </ClCompile>
    <ClCompile Include="Monster\Orc.cpp">
      <Filter>03. Monster\03. Orc</Filter>
    </ClCompile>
    <ClCompile Include="Monster\FireBall.cpp">
      <Filter>03. Monster\03. Orc</Filter>
    </ClCompile>
  </ItemGroup>
  <ItemGroup>
    <ClInclude Include="resource.h">
      <Filter>헤더 파일</Filter>
    </ClInclude>
    <ClInclude Include="World\MainWorld.h">
      <Filter>02. World</Filter>
    </ClInclude>
    <ClInclude Include="Player\Bullet.h">
      <Filter>01. Player</Filter>
    </ClInclude>
    <ClInclude Include="Monster\Monster.h">
      <Filter>03. Monster</Filter>
    </ClInclude>
    <ClInclude Include="Component\StateComponent.h">
      <Filter>04. Component\01. State</Filter>
    </ClInclude>
    <ClInclude Include="Interface\StateInterface.h">
      <Filter>05. Interface</Filter>
    </ClInclude>
    <ClInclude Include="Monster\MonsterSpawnPoint.h">
      <Filter>03. Monster</Filter>
    </ClInclude>
    <ClInclude Include="Player\BulletEffect.h">
      <Filter>01. Player</Filter>
    </ClInclude>
    <ClInclude Include="Player\Player.h">
      <Filter>01. Player</Filter>
    </ClInclude>
    <ClInclude Include="GlobalSetting.h">
      <Filter>06. Setting</Filter>
    </ClInclude>
    <ClInclude Include="Monster\Goblin.h">
      <Filter>03. Monster\01. Goblin</Filter>
    </ClInclude>
    <ClInclude Include="Monster\Ogre.h">
      <Filter>03. Monster\02. Ogre</Filter>
    </ClInclude>
    <ClInclude Include="Monster\Orc.h">
      <Filter>03. Monster\03. Orc</Filter>
    </ClInclude>
    <ClInclude Include="Monster\FireBall.h">
      <Filter>03. Monster\03. Orc</Filter>
    </ClInclude>
  </ItemGroup>
  <ItemGroup>
    <ResourceCompile Include="Client.rc">
      <Filter>리소스 파일</Filter>
    </ResourceCompile>
  </ItemGroup>
  <ItemGroup>
    <Image Include="icon1.ico">
      <Filter>리소스 파일</Filter>
    </Image>
  </ItemGroup>
</Project>